{
  "object": {
    "pins": [
      {
        "package": "Gzip",
        "repositoryURL": "https://github.com/1024jp/GzipSwift.git",
        "state": {
          "branch": null,
          "revision": "ba0b6cb51cc6202f896e469b87d2889a46b10d1b",
          "version": "5.1.1"
        }
      },
      {
        "package": "InstanaAgent",
        "repositoryURL": "https://github.com/instana/iOSAgent.git",
        "state": {
          "branch": "develop",
          "revision": "897ff8682656730b6c38d62e64382f042ba92def",
          "version": null
        }
      }
    ]
  },
  "version": 1
}
